
Microsoft Visual Studio Solution File, Format Version 12.00
# Visual Studio Version 17
VisualStudioVersion = 17.9.34607.119
MinimumVisualStudioVersion = 10.0.40219.1
Project("{FAE04EC0-301F-11D3-BF4B-00C04F79EFBC}") = "VehicleManagement", "VehicleManagement\VehicleManagement.csproj", "{3065180D-A1EB-453F-B8D7-3D4B5BAF194D}"
EndProject
Global
	GlobalSection(SolutionConfigurationPlatforms) = preSolution
		Debug|Any CPU = Debug|Any CPU
		Release|Any CPU = Release|Any CPU
	EndGlobalSection
	GlobalSection(ProjectConfigurationPlatforms) = postSolution
		{3065180D-A1EB-453F-B8D7-3D4B5BAF194D}.Debug|Any CPU.ActiveCfg = Debug|Any CPU
		{3065180D-A1EB-453F-B8D7-3D4B5BAF194D}.Debug|Any CPU.Build.0 = Debug|Any CPU
		{3065180D-A1EB-453F-B8D7-3D4B5BAF194D}.Release|Any CPU.ActiveCfg = Release|Any CPU
		{3065180D-A1EB-453F-B8D7-3D4B5BAF194D}.Release|Any CPU.Build.0 = Release|Any CPU
	EndGlobalSection
	GlobalSection(SolutionProperties) = preSolution
		HideSolutionNode = FALSE
	EndGlobalSection
	GlobalSection(ExtensibilityGlobals) = postSolution
		SolutionGuid = {AEF8498C-27F3-4807-95BF-4F9007149CD1}
	EndGlobalSection
EndGlobal
